<?xml version="1.0" encoding="utf-8"?>
<Project ToolsVersion="4.0" xmlns="http://schemas.microsoft.com/developer/msbuild/2003">
  <ItemGroup>
    <Filter Include="Source Files">
      <UniqueIdentifier>{6b6815cd-fae2-4a62-b4ce-71d2cf97ad2f}</UniqueIdentifier>
      <Extensions>cpp;c;cxx;rc;def;r;odl;idl;hpj;bat</Extensions>
    </Filter>
    <Filter Include="Header Files">
      <UniqueIdentifier>{945cb5f4-bade-4510-bf0f-e0f7225b57b2}</UniqueIdentifier>
      <Extensions>h;hpp;hxx;hm;inl</Extensions>
    </Filter>
    <Filter Include="Resource Files">
      <UniqueIdentifier>{118cbc7a-5dfb-4256-b676-6f12ef3ed7fa}</UniqueIdentifier>
      <Extensions>ico;cur;bmp;dlg;rc2;rct;bin;rgs;gif;jpg;jpeg;jpe</Extensions>
    </Filter>
  </ItemGroup>
  <ItemGroup>
    <ClCompile Include="gtp_config.c">
      <Filter>Source Files</Filter>
    </ClCompile>
    <ClCompile Include="gtp_parser.c">
      <Filter>Source Files</Filter>
    </ClCompile>
    <ClCompile Include="gtp_roptions.c">
      <Filter>Source Files</Filter>
    </ClCompile>
    <ClCompile Include="..\include\inet_aton.c">
      <Filter>Source Files</Filter>
    </ClCompile>
    <ClCompile Include="..\include\inet_pton.c">
      <Filter>Source Files</Filter>
    </ClCompile>
    <ClCompile Include="..\include\sf_dynamic_preproc_lib.c">
      <Filter>Source Files</Filter>
    </ClCompile>
    <ClCompile Include="..\include\sf_ip.c">
      <Filter>Source Files</Filter>
    </ClCompile>
    <ClCompile Include="..\include\sfPolicyUserData.c">
      <Filter>Source Files</Filter>
    </ClCompile>
    <ClCompile Include="spp_gtp.c">
      <Filter>Source Files</Filter>
    </ClCompile>
    <ClCompile Include="..\include\strtok_r.c">
      <Filter>Source Files</Filter>
    </ClCompile>
  </ItemGroup>
  <ItemGroup>
    <ClInclude Include="gtp_config.h">
      <Filter>Header Files</Filter>
    </ClInclude>
    <ClInclude Include="gtp_debug.h">
      <Filter>Header Files</Filter>
    </ClInclude>
    <ClInclude Include="gtp_parser.h">
      <Filter>Header Files</Filter>
    </ClInclude>
    <ClInclude Include="gtp_roptions.h">
      <Filter>Header Files</Filter>
    </ClInclude>
    <ClInclude Include="sf_preproc_info.h">
      <Filter>Header Files</Filter>
    </ClInclude>
    <ClInclude Include="spp_gtp.h">
      <Filter>Header Files</Filter>
    </ClInclude>
  </ItemGroup>
</Project>