<?xml version="1.0" encoding="utf-8"?>
<Project ToolsVersion="4.0" xmlns="http://schemas.microsoft.com/developer/msbuild/2003">
  <ItemGroup>
    <Filter Include="Source Files">
      <UniqueIdentifier>{64d4bf46-6b9a-41f1-b6d7-182bfd1b86dc}</UniqueIdentifier>
      <Extensions>cpp;c;cxx;rc;def;r;odl;idl;hpj;bat</Extensions>
    </Filter>
    <Filter Include="Header Files">
      <UniqueIdentifier>{b2d929c1-bf48-494a-aa2d-a03ee76014f0}</UniqueIdentifier>
      <Extensions>h;hpp;hxx;hm;inl</Extensions>
    </Filter>
    <Filter Include="Resource Files">
      <UniqueIdentifier>{59980d4e-d3fd-4609-9c01-4e71885697a7}</UniqueIdentifier>
      <Extensions>ico;cur;bmp;dlg;rc2;rct;bin;rgs;gif;jpg;jpeg;jpe</Extensions>
    </Filter>
  </ItemGroup>
  <ItemGroup>
    <ClCompile Include="..\include\inet_aton.c">
      <Filter>Source Files</Filter>
    </ClCompile>
    <ClCompile Include="..\include\inet_pton.c">
      <Filter>Source Files</Filter>
    </ClCompile>
    <ClCompile Include="..\include\sf_dynamic_preproc_lib.c">
      <Filter>Source Files</Filter>
    </ClCompile>
    <ClCompile Include="..\include\sf_ip.c">
      <Filter>Source Files</Filter>
    </ClCompile>
    <ClCompile Include="..\include\sfPolicyUserData.c">
      <Filter>Source Files</Filter>
    </ClCompile>
    <ClCompile Include="sip_config.c">
      <Filter>Source Files</Filter>
    </ClCompile>
    <ClCompile Include="sip_dialog.c">
      <Filter>Source Files</Filter>
    </ClCompile>
    <ClCompile Include="sip_parser.c">
      <Filter>Source Files</Filter>
    </ClCompile>
    <ClCompile Include="sip_roptions.c">
      <Filter>Source Files</Filter>
    </ClCompile>
    <ClCompile Include="sip_utils.c">
      <Filter>Source Files</Filter>
    </ClCompile>
    <ClCompile Include="spp_sip.c">
      <Filter>Source Files</Filter>
    </ClCompile>
    <ClCompile Include="..\include\strtok_r.c">
      <Filter>Source Files</Filter>
    </ClCompile>
  </ItemGroup>
  <ItemGroup>
    <ClInclude Include="sf_preproc_info.h">
      <Filter>Header Files</Filter>
    </ClInclude>
    <ClInclude Include="sip_config.h">
      <Filter>Header Files</Filter>
    </ClInclude>
    <ClInclude Include="sip_debug.h">
      <Filter>Header Files</Filter>
    </ClInclude>
    <ClInclude Include="sip_dialog.h">
      <Filter>Header Files</Filter>
    </ClInclude>
    <ClInclude Include="sip_parser.h">
      <Filter>Header Files</Filter>
    </ClInclude>
    <ClInclude Include="sip_roptions.h">
      <Filter>Header Files</Filter>
    </ClInclude>
    <ClInclude Include="sip_utils.h">
      <Filter>Header Files</Filter>
    </ClInclude>
    <ClInclude Include="spp_sip.h">
      <Filter>Header Files</Filter>
    </ClInclude>
  </ItemGroup>
</Project>