
Microsoft Visual Studio Solution File, Format Version 11.00
# Visual Studio 2010
Project("{8BC9CEB8-8B4A-11D0-8D11-00A0C91BC942}") = "build_all", "build_all.vcxproj", "{5B59C2A9-4372-6850-770E-E53204A881B4}"
	ProjectSection(ProjectDependencies) = postProject
		{D0BA0C45-C8F8-5A55-2831-0D0E03D3158B} = {D0BA0C45-C8F8-5A55-2831-0D0E03D3158B}
		{1974E1DA-B4E2-8B4D-5102-7D1F85B416B1} = {1974E1DA-B4E2-8B4D-5102-7D1F85B416B1}
		{C8C78846-B081-E6B3-71A6-0C1919AC8513} = {C8C78846-B081-E6B3-71A6-0C1919AC8513}
		{0E95CFC8-699A-AFB2-FFA1-3A07758A93DA} = {0E95CFC8-699A-AFB2-FFA1-3A07758A93DA}
		{945B7804-C399-93BA-F109-3EFFB4669F57} = {945B7804-C399-93BA-F109-3EFFB4669F57}
	EndProjectSection
EndProject
Project("{8BC9CEB8-8B4A-11D0-8D11-00A0C91BC942}") = "daq", "..\..\..\daq\daq.vcxproj", "{C8C78846-B081-E6B3-71A6-0C1919AC8513}"
EndProject
Project("{8BC9CEB8-8B4A-11D0-8D11-00A0C91BC942}") = "dynamic_preprocessors", "..\..\dynamic-preprocessors\dynamic_preprocessors.vcxproj", "{D0BA0C45-C8F8-5A55-2831-0D0E03D3158B}"
	ProjectSection(ProjectDependencies) = postProject
		{22A629A5-9487-95B3-1E30-771FE80F354E} = {22A629A5-9487-95B3-1E30-771FE80F354E}
		{4D7CB1CE-A21E-C5B1-DE3A-E6D672CAB491} = {4D7CB1CE-A21E-C5B1-DE3A-E6D672CAB491}
		{51418D1B-CBB6-6D97-E9BE-6FFC7256789B} = {51418D1B-CBB6-6D97-E9BE-6FFC7256789B}
		{A46BFBC5-B994-B0A9-3D53-8C96A4CCD825} = {A46BFBC5-B994-B0A9-3D53-8C96A4CCD825}
		{B830860E-835F-F6AA-2BB4-729CEDE2F510} = {B830860E-835F-F6AA-2BB4-729CEDE2F510}
		{A62629A6-AE62-AF57-038A-D48849E51F32} = {A62629A6-AE62-AF57-038A-D48849E51F32}
		{D0F3C928-1C61-D599-AAC3-A97224889F61} = {D0F3C928-1C61-D599-AAC3-A97224889F61}
		{073CFF6D-371E-0F28-279D-27D11782B2D5} = {073CFF6D-371E-0F28-279D-27D11782B2D5}
		{68C6BDBC-2C98-394B-0BDB-106A8C8E2A33} = {68C6BDBC-2C98-394B-0BDB-106A8C8E2A33}
		{6C742DB0-57A4-B1FF-D571-39E4C6C37291} = {6C742DB0-57A4-B1FF-D571-39E4C6C37291}
		{AF4668A4-CDDB-0CA9-619B-6792EC10F993} = {AF4668A4-CDDB-0CA9-619B-6792EC10F993}
		{4DF48C6A-A6BF-3A13-8832-F56F725DA234} = {4DF48C6A-A6BF-3A13-8832-F56F725DA234}
		{DB24941A-E0AD-89C2-FB81-DB3B779B6DF5} = {DB24941A-E0AD-89C2-FB81-DB3B779B6DF5}
		{8C3972D4-855D-F883-DED2-522775E8A799} = {8C3972D4-855D-F883-DED2-522775E8A799}
		{56173773-CE73-27A3-ED94-E7CEFF923DB2} = {56173773-CE73-27A3-ED94-E7CEFF923DB2}
	EndProjectSection
EndProject
Project("{8BC9CEB8-8B4A-11D0-8D11-00A0C91BC942}") = "sf_dce2", "..\..\dynamic-preprocessors\dcerpc2\sf_dce2.vcxproj", "{A62629A6-AE62-AF57-038A-D48849E51F32}"
	ProjectSection(ProjectDependencies) = postProject
		{68C6BDBC-2C98-394B-0BDB-106A8C8E2A33} = {68C6BDBC-2C98-394B-0BDB-106A8C8E2A33}
	EndProjectSection
EndProject
Project("{8BC9CEB8-8B4A-11D0-8D11-00A0C91BC942}") = "sf_dnp3", "..\..\dynamic-preprocessors\dnp3\sf_dnp3.vcxproj", "{4DF48C6A-A6BF-3A13-8832-F56F725DA234}"
	ProjectSection(ProjectDependencies) = postProject
		{68C6BDBC-2C98-394B-0BDB-106A8C8E2A33} = {68C6BDBC-2C98-394B-0BDB-106A8C8E2A33}
	EndProjectSection
EndProject
Project("{8BC9CEB8-8B4A-11D0-8D11-00A0C91BC942}") = "sf_dns", "..\..\dynamic-preprocessors\dns\sf_dns.vcxproj", "{A46BFBC5-B994-B0A9-3D53-8C96A4CCD825}"
	ProjectSection(ProjectDependencies) = postProject
		{68C6BDBC-2C98-394B-0BDB-106A8C8E2A33} = {68C6BDBC-2C98-394B-0BDB-106A8C8E2A33}
	EndProjectSection
EndProject
Project("{8BC9CEB8-8B4A-11D0-8D11-00A0C91BC942}") = "sf_dynamic_initialize", "..\..\dynamic-preprocessors\sf_dynamic_initialize\sf_dynamic_initialize.vcxproj", "{68C6BDBC-2C98-394B-0BDB-106A8C8E2A33}"
EndProject
Project("{8BC9CEB8-8B4A-11D0-8D11-00A0C91BC942}") = "sf_engine", "sf_engine.vcxproj", "{1974E1DA-B4E2-8B4D-5102-7D1F85B416B1}"
	ProjectSection(ProjectDependencies) = postProject
		{FD80DCC6-015B-854A-334F-78119C070979} = {FD80DCC6-015B-854A-334F-78119C070979}
	EndProjectSection
EndProject
Project("{8BC9CEB8-8B4A-11D0-8D11-00A0C91BC942}") = "sf_engine_initialize", "sf_engine_initialize.vcxproj", "{FD80DCC6-015B-854A-334F-78119C070979}"
EndProject
Project("{8BC9CEB8-8B4A-11D0-8D11-00A0C91BC942}") = "sf_ftptelnet", "..\..\dynamic-preprocessors\ftptelnet\sf_ftptelnet.vcxproj", "{22A629A5-9487-95B3-1E30-771FE80F354E}"
	ProjectSection(ProjectDependencies) = postProject
		{68C6BDBC-2C98-394B-0BDB-106A8C8E2A33} = {68C6BDBC-2C98-394B-0BDB-106A8C8E2A33}
	EndProjectSection
EndProject
Project("{8BC9CEB8-8B4A-11D0-8D11-00A0C91BC942}") = "sf_gtp", "..\..\dynamic-preprocessors\gtp\sf_gtp.vcxproj", "{56173773-CE73-27A3-ED94-E7CEFF923DB2}"
EndProject
Project("{8BC9CEB8-8B4A-11D0-8D11-00A0C91BC942}") = "sf_imap", "..\..\dynamic-preprocessors\imap\sf_imap.vcxproj", "{6C742DB0-57A4-B1FF-D571-39E4C6C37291}"
	ProjectSection(ProjectDependencies) = postProject
		{68C6BDBC-2C98-394B-0BDB-106A8C8E2A33} = {68C6BDBC-2C98-394B-0BDB-106A8C8E2A33}
	EndProjectSection
EndProject
Project("{8BC9CEB8-8B4A-11D0-8D11-00A0C91BC942}") = "sf_modbus", "..\..\dynamic-preprocessors\modbus\sf_modbus.vcxproj", "{DB24941A-E0AD-89C2-FB81-DB3B779B6DF5}"
	ProjectSection(ProjectDependencies) = postProject
		{68C6BDBC-2C98-394B-0BDB-106A8C8E2A33} = {68C6BDBC-2C98-394B-0BDB-106A8C8E2A33}
	EndProjectSection
EndProject
Project("{8BC9CEB8-8B4A-11D0-8D11-00A0C91BC942}") = "sf_pop", "..\..\dynamic-preprocessors\pop\sf_pop.vcxproj", "{AF4668A4-CDDB-0CA9-619B-6792EC10F993}"
	ProjectSection(ProjectDependencies) = postProject
		{68C6BDBC-2C98-394B-0BDB-106A8C8E2A33} = {68C6BDBC-2C98-394B-0BDB-106A8C8E2A33}
	EndProjectSection
EndProject
Project("{8BC9CEB8-8B4A-11D0-8D11-00A0C91BC942}") = "sf_reputation", "..\..\dynamic-preprocessors\reputation\sf_reputation.vcxproj", "{8C3972D4-855D-F883-DED2-522775E8A799}"
	ProjectSection(ProjectDependencies) = postProject
		{68C6BDBC-2C98-394B-0BDB-106A8C8E2A33} = {68C6BDBC-2C98-394B-0BDB-106A8C8E2A33}
	EndProjectSection
EndProject
Project("{8BC9CEB8-8B4A-11D0-8D11-00A0C91BC942}") = "sf_sdf", "..\..\dynamic-preprocessors\sdf\sf_sdf.vcxproj", "{D0F3C928-1C61-D599-AAC3-A97224889F61}"
	ProjectSection(ProjectDependencies) = postProject
		{68C6BDBC-2C98-394B-0BDB-106A8C8E2A33} = {68C6BDBC-2C98-394B-0BDB-106A8C8E2A33}
	EndProjectSection
EndProject
Project("{8BC9CEB8-8B4A-11D0-8D11-00A0C91BC942}") = "sf_sip", "..\..\dynamic-preprocessors\sip\sf_sip.vcxproj", "{073CFF6D-371E-0F28-279D-27D11782B2D5}"
	ProjectSection(ProjectDependencies) = postProject
		{68C6BDBC-2C98-394B-0BDB-106A8C8E2A33} = {68C6BDBC-2C98-394B-0BDB-106A8C8E2A33}
	EndProjectSection
EndProject
Project("{8BC9CEB8-8B4A-11D0-8D11-00A0C91BC942}") = "sf_smtp", "..\..\dynamic-preprocessors\smtp\sf_smtp.vcxproj", "{4D7CB1CE-A21E-C5B1-DE3A-E6D672CAB491}"
	ProjectSection(ProjectDependencies) = postProject
		{68C6BDBC-2C98-394B-0BDB-106A8C8E2A33} = {68C6BDBC-2C98-394B-0BDB-106A8C8E2A33}
		{1EE2123D-310D-4174-9F5E-3F4B7AACC4D5} = {1EE2123D-310D-4174-9F5E-3F4B7AACC4D5}
	EndProjectSection
EndProject
Project("{8BC9CEB8-8B4A-11D0-8D11-00A0C91BC942}") = "sf_ssh", "..\..\dynamic-preprocessors\ssh\sf_ssh.vcxproj", "{51418D1B-CBB6-6D97-E9BE-6FFC7256789B}"
	ProjectSection(ProjectDependencies) = postProject
		{68C6BDBC-2C98-394B-0BDB-106A8C8E2A33} = {68C6BDBC-2C98-394B-0BDB-106A8C8E2A33}
	EndProjectSection
EndProject
Project("{8BC9CEB8-8B4A-11D0-8D11-00A0C91BC942}") = "sf_ssl", "..\..\dynamic-preprocessors\ssl\sf_ssl.vcxproj", "{B830860E-835F-F6AA-2BB4-729CEDE2F510}"
	ProjectSection(ProjectDependencies) = postProject
		{68C6BDBC-2C98-394B-0BDB-106A8C8E2A33} = {68C6BDBC-2C98-394B-0BDB-106A8C8E2A33}
		{1EE2123D-310D-4174-9F5E-3F4B7AACC4D5} = {1EE2123D-310D-4174-9F5E-3F4B7AACC4D5}
	EndProjectSection
EndProject
Project("{8BC9CEB8-8B4A-11D0-8D11-00A0C91BC942}") = "sfdynamic_preproc_libs", "..\..\dynamic-preprocessors\libs\sfdynamic_preproc_libs.vcxproj", "{1EE2123D-310D-4174-9F5E-3F4B7AACC4D5}"
	ProjectSection(ProjectDependencies) = postProject
		{68C6BDBC-2C98-394B-0BDB-106A8C8E2A33} = {68C6BDBC-2C98-394B-0BDB-106A8C8E2A33}
	EndProjectSection
EndProject
Project("{8BC9CEB8-8B4A-11D0-8D11-00A0C91BC942}") = "snort", "snort.vcxproj", "{0E95CFC8-699A-AFB2-FFA1-3A07758A93DA}"
	ProjectSection(ProjectDependencies) = postProject
		{9337EC01-1227-6A05-5C9C-0EDAA93997DF} = {9337EC01-1227-6A05-5C9C-0EDAA93997DF}
	EndProjectSection
EndProject
Project("{8BC9CEB8-8B4A-11D0-8D11-00A0C91BC942}") = "snort_initialize", "snort_initialize.vcxproj", "{9337EC01-1227-6A05-5C9C-0EDAA93997DF}"
EndProject
Project("{8BC9CEB8-8B4A-11D0-8D11-00A0C91BC942}") = "u2spewfoo", "..\..\..\tools\u2spewfoo\u2spewfoo.vcxproj", "{945B7804-C399-93BA-F109-3EFFB4669F57}"
EndProject
Project("{8BC9CEB8-8B4A-11D0-8D11-00A0C91BC942}") = "lilsnort", "..\lilsnort\lilsnort.vcxproj", "{1D9C5820-CD27-42A9-AC80-9E2C8010BF3E}"
EndProject
Project("{8BC9CEB8-8B4A-11D0-8D11-00A0C91BC942}") = "isnort", "..\isnort\isnort.vcxproj", "{D6ECE692-C805-49A9-B628-739DE0C9ECF8}"
EndProject
Global
	GlobalSection(SubversionScc) = preSolution
		Svn-Managed = True
		Manager = AnkhSVN - Subversion Support for Visual Studio
	EndGlobalSection
	GlobalSection(SolutionConfigurationPlatforms) = preSolution
		Debug|Win32 = Debug|Win32
		Release|Win32 = Release|Win32
		Template|Win32 = Template|Win32
	EndGlobalSection
	GlobalSection(ProjectConfigurationPlatforms) = postSolution
		{5B59C2A9-4372-6850-770E-E53204A881B4}.Debug|Win32.ActiveCfg = Debug|Win32
		{5B59C2A9-4372-6850-770E-E53204A881B4}.Debug|Win32.Build.0 = Debug|Win32
		{5B59C2A9-4372-6850-770E-E53204A881B4}.Release|Win32.ActiveCfg = Release|Win32
		{5B59C2A9-4372-6850-770E-E53204A881B4}.Release|Win32.Build.0 = Release|Win32
		{5B59C2A9-4372-6850-770E-E53204A881B4}.Template|Win32.ActiveCfg = Release|Win32
		{5B59C2A9-4372-6850-770E-E53204A881B4}.Template|Win32.Build.0 = Release|Win32
		{C8C78846-B081-E6B3-71A6-0C1919AC8513}.Debug|Win32.ActiveCfg = Debug|Win32
		{C8C78846-B081-E6B3-71A6-0C1919AC8513}.Debug|Win32.Build.0 = Debug|Win32
		{C8C78846-B081-E6B3-71A6-0C1919AC8513}.Release|Win32.ActiveCfg = Release|Win32
		{C8C78846-B081-E6B3-71A6-0C1919AC8513}.Release|Win32.Build.0 = Release|Win32
		{C8C78846-B081-E6B3-71A6-0C1919AC8513}.Template|Win32.ActiveCfg = Template|Win32
		{C8C78846-B081-E6B3-71A6-0C1919AC8513}.Template|Win32.Build.0 = Template|Win32
		{D0BA0C45-C8F8-5A55-2831-0D0E03D3158B}.Debug|Win32.ActiveCfg = Debug|Win32
		{D0BA0C45-C8F8-5A55-2831-0D0E03D3158B}.Debug|Win32.Build.0 = Debug|Win32
		{D0BA0C45-C8F8-5A55-2831-0D0E03D3158B}.Release|Win32.ActiveCfg = Release|Win32
		{D0BA0C45-C8F8-5A55-2831-0D0E03D3158B}.Release|Win32.Build.0 = Release|Win32
		{D0BA0C45-C8F8-5A55-2831-0D0E03D3158B}.Template|Win32.ActiveCfg = Template|Win32
		{D0BA0C45-C8F8-5A55-2831-0D0E03D3158B}.Template|Win32.Build.0 = Template|Win32
		{A62629A6-AE62-AF57-038A-D48849E51F32}.Debug|Win32.ActiveCfg = Debug|Win32
		{A62629A6-AE62-AF57-038A-D48849E51F32}.Debug|Win32.Build.0 = Debug|Win32
		{A62629A6-AE62-AF57-038A-D48849E51F32}.Release|Win32.ActiveCfg = Release|Win32
		{A62629A6-AE62-AF57-038A-D48849E51F32}.Release|Win32.Build.0 = Release|Win32
		{A62629A6-AE62-AF57-038A-D48849E51F32}.Template|Win32.ActiveCfg = Template|Win32
		{A62629A6-AE62-AF57-038A-D48849E51F32}.Template|Win32.Build.0 = Template|Win32
		{4DF48C6A-A6BF-3A13-8832-F56F725DA234}.Debug|Win32.ActiveCfg = Debug|Win32
		{4DF48C6A-A6BF-3A13-8832-F56F725DA234}.Debug|Win32.Build.0 = Debug|Win32
		{4DF48C6A-A6BF-3A13-8832-F56F725DA234}.Release|Win32.ActiveCfg = Release|Win32
		{4DF48C6A-A6BF-3A13-8832-F56F725DA234}.Release|Win32.Build.0 = Release|Win32
		{4DF48C6A-A6BF-3A13-8832-F56F725DA234}.Template|Win32.ActiveCfg = Template|Win32
		{4DF48C6A-A6BF-3A13-8832-F56F725DA234}.Template|Win32.Build.0 = Template|Win32
		{A46BFBC5-B994-B0A9-3D53-8C96A4CCD825}.Debug|Win32.ActiveCfg = Debug|Win32
		{A46BFBC5-B994-B0A9-3D53-8C96A4CCD825}.Debug|Win32.Build.0 = Debug|Win32
		{A46BFBC5-B994-B0A9-3D53-8C96A4CCD825}.Release|Win32.ActiveCfg = Release|Win32
		{A46BFBC5-B994-B0A9-3D53-8C96A4CCD825}.Release|Win32.Build.0 = Release|Win32
		{A46BFBC5-B994-B0A9-3D53-8C96A4CCD825}.Template|Win32.ActiveCfg = Template|Win32
		{A46BFBC5-B994-B0A9-3D53-8C96A4CCD825}.Template|Win32.Build.0 = Template|Win32
		{68C6BDBC-2C98-394B-0BDB-106A8C8E2A33}.Debug|Win32.ActiveCfg = Debug|Win32
		{68C6BDBC-2C98-394B-0BDB-106A8C8E2A33}.Debug|Win32.Build.0 = Debug|Win32
		{68C6BDBC-2C98-394B-0BDB-106A8C8E2A33}.Release|Win32.ActiveCfg = Release|Win32
		{68C6BDBC-2C98-394B-0BDB-106A8C8E2A33}.Release|Win32.Build.0 = Release|Win32
		{68C6BDBC-2C98-394B-0BDB-106A8C8E2A33}.Template|Win32.ActiveCfg = Template|Win32
		{68C6BDBC-2C98-394B-0BDB-106A8C8E2A33}.Template|Win32.Build.0 = Template|Win32
		{1974E1DA-B4E2-8B4D-5102-7D1F85B416B1}.Debug|Win32.ActiveCfg = Debug|Win32
		{1974E1DA-B4E2-8B4D-5102-7D1F85B416B1}.Debug|Win32.Build.0 = Debug|Win32
		{1974E1DA-B4E2-8B4D-5102-7D1F85B416B1}.Release|Win32.ActiveCfg = Release|Win32
		{1974E1DA-B4E2-8B4D-5102-7D1F85B416B1}.Release|Win32.Build.0 = Release|Win32
		{1974E1DA-B4E2-8B4D-5102-7D1F85B416B1}.Template|Win32.ActiveCfg = Template|Win32
		{1974E1DA-B4E2-8B4D-5102-7D1F85B416B1}.Template|Win32.Build.0 = Template|Win32
		{FD80DCC6-015B-854A-334F-78119C070979}.Debug|Win32.ActiveCfg = Debug|Win32
		{FD80DCC6-015B-854A-334F-78119C070979}.Debug|Win32.Build.0 = Debug|Win32
		{FD80DCC6-015B-854A-334F-78119C070979}.Release|Win32.ActiveCfg = Release|Win32
		{FD80DCC6-015B-854A-334F-78119C070979}.Release|Win32.Build.0 = Release|Win32
		{FD80DCC6-015B-854A-334F-78119C070979}.Template|Win32.ActiveCfg = Template|Win32
		{FD80DCC6-015B-854A-334F-78119C070979}.Template|Win32.Build.0 = Template|Win32
		{22A629A5-9487-95B3-1E30-771FE80F354E}.Debug|Win32.ActiveCfg = Debug|Win32
		{22A629A5-9487-95B3-1E30-771FE80F354E}.Debug|Win32.Build.0 = Debug|Win32
		{22A629A5-9487-95B3-1E30-771FE80F354E}.Release|Win32.ActiveCfg = Release|Win32
		{22A629A5-9487-95B3-1E30-771FE80F354E}.Release|Win32.Build.0 = Release|Win32
		{22A629A5-9487-95B3-1E30-771FE80F354E}.Template|Win32.ActiveCfg = Template|Win32
		{22A629A5-9487-95B3-1E30-771FE80F354E}.Template|Win32.Build.0 = Template|Win32
		{56173773-CE73-27A3-ED94-E7CEFF923DB2}.Debug|Win32.ActiveCfg = Debug|Win32
		{56173773-CE73-27A3-ED94-E7CEFF923DB2}.Debug|Win32.Build.0 = Debug|Win32
		{56173773-CE73-27A3-ED94-E7CEFF923DB2}.Release|Win32.ActiveCfg = Release|Win32
		{56173773-CE73-27A3-ED94-E7CEFF923DB2}.Release|Win32.Build.0 = Release|Win32
		{56173773-CE73-27A3-ED94-E7CEFF923DB2}.Template|Win32.ActiveCfg = Template|Win32
		{56173773-CE73-27A3-ED94-E7CEFF923DB2}.Template|Win32.Build.0 = Template|Win32
		{6C742DB0-57A4-B1FF-D571-39E4C6C37291}.Debug|Win32.ActiveCfg = Debug|Win32
		{6C742DB0-57A4-B1FF-D571-39E4C6C37291}.Debug|Win32.Build.0 = Debug|Win32
		{6C742DB0-57A4-B1FF-D571-39E4C6C37291}.Release|Win32.ActiveCfg = Release|Win32
		{6C742DB0-57A4-B1FF-D571-39E4C6C37291}.Release|Win32.Build.0 = Release|Win32
		{6C742DB0-57A4-B1FF-D571-39E4C6C37291}.Template|Win32.ActiveCfg = Template|Win32
		{6C742DB0-57A4-B1FF-D571-39E4C6C37291}.Template|Win32.Build.0 = Template|Win32
		{DB24941A-E0AD-89C2-FB81-DB3B779B6DF5}.Debug|Win32.ActiveCfg = Debug|Win32
		{DB24941A-E0AD-89C2-FB81-DB3B779B6DF5}.Debug|Win32.Build.0 = Debug|Win32
		{DB24941A-E0AD-89C2-FB81-DB3B779B6DF5}.Release|Win32.ActiveCfg = Release|Win32
		{DB24941A-E0AD-89C2-FB81-DB3B779B6DF5}.Release|Win32.Build.0 = Release|Win32
		{DB24941A-E0AD-89C2-FB81-DB3B779B6DF5}.Template|Win32.ActiveCfg = Template|Win32
		{DB24941A-E0AD-89C2-FB81-DB3B779B6DF5}.Template|Win32.Build.0 = Template|Win32
		{AF4668A4-CDDB-0CA9-619B-6792EC10F993}.Debug|Win32.ActiveCfg = Debug|Win32
		{AF4668A4-CDDB-0CA9-619B-6792EC10F993}.Debug|Win32.Build.0 = Debug|Win32
		{AF4668A4-CDDB-0CA9-619B-6792EC10F993}.Release|Win32.ActiveCfg = Release|Win32
		{AF4668A4-CDDB-0CA9-619B-6792EC10F993}.Release|Win32.Build.0 = Release|Win32
		{AF4668A4-CDDB-0CA9-619B-6792EC10F993}.Template|Win32.ActiveCfg = Template|Win32
		{AF4668A4-CDDB-0CA9-619B-6792EC10F993}.Template|Win32.Build.0 = Template|Win32
		{8C3972D4-855D-F883-DED2-522775E8A799}.Debug|Win32.ActiveCfg = Debug|Win32
		{8C3972D4-855D-F883-DED2-522775E8A799}.Debug|Win32.Build.0 = Debug|Win32
		{8C3972D4-855D-F883-DED2-522775E8A799}.Release|Win32.ActiveCfg = Release|Win32
		{8C3972D4-855D-F883-DED2-522775E8A799}.Release|Win32.Build.0 = Release|Win32
		{8C3972D4-855D-F883-DED2-522775E8A799}.Template|Win32.ActiveCfg = Template|Win32
		{8C3972D4-855D-F883-DED2-522775E8A799}.Template|Win32.Build.0 = Template|Win32
		{D0F3C928-1C61-D599-AAC3-A97224889F61}.Debug|Win32.ActiveCfg = Debug|Win32
		{D0F3C928-1C61-D599-AAC3-A97224889F61}.Debug|Win32.Build.0 = Debug|Win32
		{D0F3C928-1C61-D599-AAC3-A97224889F61}.Release|Win32.ActiveCfg = Release|Win32
		{D0F3C928-1C61-D599-AAC3-A97224889F61}.Release|Win32.Build.0 = Release|Win32
		{D0F3C928-1C61-D599-AAC3-A97224889F61}.Template|Win32.ActiveCfg = Template|Win32
		{D0F3C928-1C61-D599-AAC3-A97224889F61}.Template|Win32.Build.0 = Template|Win32
		{073CFF6D-371E-0F28-279D-27D11782B2D5}.Debug|Win32.ActiveCfg = Debug|Win32
		{073CFF6D-371E-0F28-279D-27D11782B2D5}.Debug|Win32.Build.0 = Debug|Win32
		{073CFF6D-371E-0F28-279D-27D11782B2D5}.Release|Win32.ActiveCfg = Release|Win32
		{073CFF6D-371E-0F28-279D-27D11782B2D5}.Release|Win32.Build.0 = Release|Win32
		{073CFF6D-371E-0F28-279D-27D11782B2D5}.Template|Win32.ActiveCfg = Template|Win32
		{073CFF6D-371E-0F28-279D-27D11782B2D5}.Template|Win32.Build.0 = Template|Win32
		{4D7CB1CE-A21E-C5B1-DE3A-E6D672CAB491}.Debug|Win32.ActiveCfg = Debug|Win32
		{4D7CB1CE-A21E-C5B1-DE3A-E6D672CAB491}.Debug|Win32.Build.0 = Debug|Win32
		{4D7CB1CE-A21E-C5B1-DE3A-E6D672CAB491}.Release|Win32.ActiveCfg = Release|Win32
		{4D7CB1CE-A21E-C5B1-DE3A-E6D672CAB491}.Release|Win32.Build.0 = Release|Win32
		{4D7CB1CE-A21E-C5B1-DE3A-E6D672CAB491}.Template|Win32.ActiveCfg = Template|Win32
		{4D7CB1CE-A21E-C5B1-DE3A-E6D672CAB491}.Template|Win32.Build.0 = Template|Win32
		{51418D1B-CBB6-6D97-E9BE-6FFC7256789B}.Debug|Win32.ActiveCfg = Debug|Win32
		{51418D1B-CBB6-6D97-E9BE-6FFC7256789B}.Debug|Win32.Build.0 = Debug|Win32
		{51418D1B-CBB6-6D97-E9BE-6FFC7256789B}.Release|Win32.ActiveCfg = Release|Win32
		{51418D1B-CBB6-6D97-E9BE-6FFC7256789B}.Release|Win32.Build.0 = Release|Win32
		{51418D1B-CBB6-6D97-E9BE-6FFC7256789B}.Template|Win32.ActiveCfg = Template|Win32
		{51418D1B-CBB6-6D97-E9BE-6FFC7256789B}.Template|Win32.Build.0 = Template|Win32
		{B830860E-835F-F6AA-2BB4-729CEDE2F510}.Debug|Win32.ActiveCfg = Debug|Win32
		{B830860E-835F-F6AA-2BB4-729CEDE2F510}.Debug|Win32.Build.0 = Debug|Win32
		{B830860E-835F-F6AA-2BB4-729CEDE2F510}.Release|Win32.ActiveCfg = Release|Win32
		{B830860E-835F-F6AA-2BB4-729CEDE2F510}.Release|Win32.Build.0 = Release|Win32
		{B830860E-835F-F6AA-2BB4-729CEDE2F510}.Template|Win32.ActiveCfg = Template|Win32
		{B830860E-835F-F6AA-2BB4-729CEDE2F510}.Template|Win32.Build.0 = Template|Win32
		{1EE2123D-310D-4174-9F5E-3F4B7AACC4D5}.Debug|Win32.ActiveCfg = Debug|Win32
		{1EE2123D-310D-4174-9F5E-3F4B7AACC4D5}.Debug|Win32.Build.0 = Debug|Win32
		{1EE2123D-310D-4174-9F5E-3F4B7AACC4D5}.Release|Win32.ActiveCfg = Release|Win32
		{1EE2123D-310D-4174-9F5E-3F4B7AACC4D5}.Release|Win32.Build.0 = Release|Win32
		{1EE2123D-310D-4174-9F5E-3F4B7AACC4D5}.Template|Win32.ActiveCfg = Template|Win32
		{1EE2123D-310D-4174-9F5E-3F4B7AACC4D5}.Template|Win32.Build.0 = Template|Win32
		{0E95CFC8-699A-AFB2-FFA1-3A07758A93DA}.Debug|Win32.ActiveCfg = Debug|Win32
		{0E95CFC8-699A-AFB2-FFA1-3A07758A93DA}.Debug|Win32.Build.0 = Debug|Win32
		{0E95CFC8-699A-AFB2-FFA1-3A07758A93DA}.Release|Win32.ActiveCfg = Release|Win32
		{0E95CFC8-699A-AFB2-FFA1-3A07758A93DA}.Release|Win32.Build.0 = Release|Win32
		{0E95CFC8-699A-AFB2-FFA1-3A07758A93DA}.Template|Win32.ActiveCfg = Template|Win32
		{0E95CFC8-699A-AFB2-FFA1-3A07758A93DA}.Template|Win32.Build.0 = Template|Win32
		{9337EC01-1227-6A05-5C9C-0EDAA93997DF}.Debug|Win32.ActiveCfg = Debug|Win32
		{9337EC01-1227-6A05-5C9C-0EDAA93997DF}.Debug|Win32.Build.0 = Debug|Win32
		{9337EC01-1227-6A05-5C9C-0EDAA93997DF}.Release|Win32.ActiveCfg = Release|Win32
		{9337EC01-1227-6A05-5C9C-0EDAA93997DF}.Release|Win32.Build.0 = Release|Win32
		{9337EC01-1227-6A05-5C9C-0EDAA93997DF}.Template|Win32.ActiveCfg = Template|Win32
		{9337EC01-1227-6A05-5C9C-0EDAA93997DF}.Template|Win32.Build.0 = Template|Win32
		{945B7804-C399-93BA-F109-3EFFB4669F57}.Debug|Win32.ActiveCfg = Debug|Win32
		{945B7804-C399-93BA-F109-3EFFB4669F57}.Debug|Win32.Build.0 = Debug|Win32
		{945B7804-C399-93BA-F109-3EFFB4669F57}.Release|Win32.ActiveCfg = Release|Win32
		{945B7804-C399-93BA-F109-3EFFB4669F57}.Release|Win32.Build.0 = Release|Win32
		{945B7804-C399-93BA-F109-3EFFB4669F57}.Template|Win32.ActiveCfg = Template|Win32
		{945B7804-C399-93BA-F109-3EFFB4669F57}.Template|Win32.Build.0 = Template|Win32
		{1D9C5820-CD27-42A9-AC80-9E2C8010BF3E}.Debug|Win32.ActiveCfg = Debug|Win32
		{1D9C5820-CD27-42A9-AC80-9E2C8010BF3E}.Debug|Win32.Build.0 = Debug|Win32
		{1D9C5820-CD27-42A9-AC80-9E2C8010BF3E}.Release|Win32.ActiveCfg = Release|Win32
		{1D9C5820-CD27-42A9-AC80-9E2C8010BF3E}.Release|Win32.Build.0 = Release|Win32
		{1D9C5820-CD27-42A9-AC80-9E2C8010BF3E}.Template|Win32.ActiveCfg = Release|Win32
		{1D9C5820-CD27-42A9-AC80-9E2C8010BF3E}.Template|Win32.Build.0 = Release|Win32
		{D6ECE692-C805-49A9-B628-739DE0C9ECF8}.Debug|Win32.ActiveCfg = Debug|Win32
		{D6ECE692-C805-49A9-B628-739DE0C9ECF8}.Debug|Win32.Build.0 = Debug|Win32
		{D6ECE692-C805-49A9-B628-739DE0C9ECF8}.Release|Win32.ActiveCfg = Release|Win32
		{D6ECE692-C805-49A9-B628-739DE0C9ECF8}.Release|Win32.Build.0 = Release|Win32
		{D6ECE692-C805-49A9-B628-739DE0C9ECF8}.Template|Win32.ActiveCfg = Release|Win32
		{D6ECE692-C805-49A9-B628-739DE0C9ECF8}.Template|Win32.Build.0 = Release|Win32
	EndGlobalSection
	GlobalSection(SolutionProperties) = preSolution
		HideSolutionNode = FALSE
	EndGlobalSection
EndGlobal
